
Microsoft Visual Studio Solution File, Format Version 12.00
# Visual Studio Version 17
VisualStudioVersion = 17.5.33516.290
MinimumVisualStudioVersion = 10.0.40219.1
Project("{FAE04EC0-301F-11D3-BF4B-00C04F79EFBC}") = "web_scrapper", "web_scrapper\web_scrapper.csproj", "{72B33A0E-778B-4496-A83A-F58DA0C2BB36}"
EndProject
Global
	GlobalSection(SolutionConfigurationPlatforms) = preSolution
		Debug|Any CPU = Debug|Any CPU
		Release|Any CPU = Release|Any CPU
	EndGlobalSection
	GlobalSection(ProjectConfigurationPlatforms) = postSolution
		{72B33A0E-778B-4496-A83A-F58DA0C2BB36}.Debug|Any CPU.ActiveCfg = Debug|Any CPU
		{72B33A0E-778B-4496-A83A-F58DA0C2BB36}.Debug|Any CPU.Build.0 = Debug|Any CPU
		{72B33A0E-778B-4496-A83A-F58DA0C2BB36}.Release|Any CPU.ActiveCfg = Release|Any CPU
		{72B33A0E-778B-4496-A83A-F58DA0C2BB36}.Release|Any CPU.Build.0 = Release|Any CPU
	EndGlobalSection
	GlobalSection(SolutionProperties) = preSolution
		HideSolutionNode = FALSE
	EndGlobalSection
	GlobalSection(ExtensibilityGlobals) = postSolution
		SolutionGuid = {44AB3FC2-0362-4245-8377-4AC41225CF3C}
	EndGlobalSection
EndGlobal
